
Microsoft Visual Studio Solution File, Format Version 12.00
# Visual Studio 15
VisualStudioVersion = 15.0.28307.421
MinimumVisualStudioVersion = 10.0.40219.1
Project("{FAE04EC0-301F-11D3-BF4B-00C04F79EFBC}") = "Okurleigan-3", "Okurleigan-3\Okurleigan-3.csproj", "{417ACFA1-702D-4843-8DC4-696A735D9DE4}"
EndProject
Global
	GlobalSection(SolutionConfigurationPlatforms) = preSolution
		Debug|Any CPU = Debug|Any CPU
		Release|Any CPU = Release|Any CPU
	EndGlobalSection
	GlobalSection(ProjectConfigurationPlatforms) = postSolution
		{417ACFA1-702D-4843-8DC4-696A735D9DE4}.Debug|Any CPU.ActiveCfg = Debug|Any CPU
		{417ACFA1-702D-4843-8DC4-696A735D9DE4}.Debug|Any CPU.Build.0 = Debug|Any CPU
		{417ACFA1-702D-4843-8DC4-696A735D9DE4}.Release|Any CPU.ActiveCfg = Release|Any CPU
		{417ACFA1-702D-4843-8DC4-696A735D9DE4}.Release|Any CPU.Build.0 = Release|Any CPU
	EndGlobalSection
	GlobalSection(SolutionProperties) = preSolution
		HideSolutionNode = FALSE
	EndGlobalSection
	GlobalSection(ExtensibilityGlobals) = postSolution
		SolutionGuid = {BE633AD6-3424-493F-AE61-7AE9248DC7C7}
	EndGlobalSection
EndGlobal
